
Microsoft Visual Studio Solution File, Format Version 12.00
# Visual Studio Version 17
VisualStudioVersion = 17.4.33213.308
MinimumVisualStudioVersion = 10.0.40219.1
Project("{FAE04EC0-301F-11D3-BF4B-00C04F79EFBC}") = "ElasticSearchHelper", "ElasticSearchHelper\ElasticSearchHelper.csproj", "{003FB9AC-3345-450F-863D-9C90441B4DAE}"
EndProject
Project("{FAE04EC0-301F-11D3-BF4B-00C04F79EFBC}") = "ConsoleApp", "ConsoleApp\ConsoleApp.csproj", "{7775189B-3D5A-4289-BD78-4A91493CAE39}"
EndProject
Global
	GlobalSection(SolutionConfigurationPlatforms) = preSolution
		Debug|Any CPU = Debug|Any CPU
		Release|Any CPU = Release|Any CPU
	EndGlobalSection
	GlobalSection(ProjectConfigurationPlatforms) = postSolution
		{003FB9AC-3345-450F-863D-9C90441B4DAE}.Debug|Any CPU.ActiveCfg = Debug|Any CPU
		{003FB9AC-3345-450F-863D-9C90441B4DAE}.Debug|Any CPU.Build.0 = Debug|Any CPU
		{003FB9AC-3345-450F-863D-9C90441B4DAE}.Release|Any CPU.ActiveCfg = Release|Any CPU
		{003FB9AC-3345-450F-863D-9C90441B4DAE}.Release|Any CPU.Build.0 = Release|Any CPU
		{7775189B-3D5A-4289-BD78-4A91493CAE39}.Debug|Any CPU.ActiveCfg = Debug|Any CPU
		{7775189B-3D5A-4289-BD78-4A91493CAE39}.Debug|Any CPU.Build.0 = Debug|Any CPU
		{7775189B-3D5A-4289-BD78-4A91493CAE39}.Release|Any CPU.ActiveCfg = Release|Any CPU
		{7775189B-3D5A-4289-BD78-4A91493CAE39}.Release|Any CPU.Build.0 = Release|Any CPU
	EndGlobalSection
	GlobalSection(SolutionProperties) = preSolution
		HideSolutionNode = FALSE
	EndGlobalSection
	GlobalSection(ExtensibilityGlobals) = postSolution
		SolutionGuid = {480098EA-D37A-458B-883F-00CA0261C16B}
	EndGlobalSection
EndGlobal
